
Microsoft Visual Studio Solution File, Format Version 12.00
# Visual Studio 2017
Project("{FAE04EC0-301F-11D3-BF4B-00C04F79EFBC}") = "streetSmartApp", "streetSmartApp.csproj", "{FCD31353-17C7-5E97-6E99-9DCC8A8C5BEE}"
EndProject
Global
	GlobalSection(SolutionConfigurationPlatforms) = preSolution
		Debug|Any CPU = Debug|Any CPU
		Release|Any CPU = Release|Any CPU
	EndGlobalSection
	GlobalSection(ProjectConfigurationPlatforms) = postSolution
		{FCD31353-17C7-5E97-6E99-9DCC8A8C5BEE}.Debug|Any CPU.ActiveCfg = Debug|Any CPU
		{FCD31353-17C7-5E97-6E99-9DCC8A8C5BEE}.Debug|Any CPU.Build.0 = Debug|Any CPU
		{FCD31353-17C7-5E97-6E99-9DCC8A8C5BEE}.Release|Any CPU.ActiveCfg = Release|Any CPU
		{FCD31353-17C7-5E97-6E99-9DCC8A8C5BEE}.Release|Any CPU.Build.0 = Release|Any CPU
	EndGlobalSection
	GlobalSection(SolutionProperties) = preSolution
		HideSolutionNode = FALSE
	EndGlobalSection
EndGlobal
